
Microsoft Visual Studio Solution File, Format Version 12.00
# Visual Studio Version 17
VisualStudioVersion = 17.5.33530.505
MinimumVisualStudioVersion = 10.0.40219.1
Project("{9A19103F-16F7-4668-BE54-9A1E7A4F7556}") = "Bai1", "Bai1\Bai1.csproj", "{55D0D6B6-7149-42C5-B2F7-CFFB55342DAD}"
EndProject
Project("{9A19103F-16F7-4668-BE54-9A1E7A4F7556}") = "Bai2", "Bai2\Bai2.csproj", "{A877F907-18BC-4FC1-ABBA-86A4EF690F32}"
EndProject
Project("{FAE04EC0-301F-11D3-BF4B-00C04F79EFBC}") = "Bai4", "..\Bai4\Bai4.csproj", "{B1BAB8CE-DEA5-486F-9A40-9740575B2C92}"
EndProject
Project("{FAE04EC0-301F-11D3-BF4B-00C04F79EFBC}") = "Bai5", "Bai5\Bai5.csproj", "{D16C658C-7AB4-4A02-AAC2-96A654B8B192}"
EndProject
Project("{FAE04EC0-301F-11D3-BF4B-00C04F79EFBC}") = "Bai6", "Bai6\Bai6.csproj", "{233F0C6E-74F3-4C92-89AE-1FA084B8388B}"
EndProject
Project("{FAE04EC0-301F-11D3-BF4B-00C04F79EFBC}") = "Bai7", "Bai7\Bai7.csproj", "{752F77F9-945E-4C54-898A-2D88AB69013E}"
EndProject
Global
	GlobalSection(SolutionConfigurationPlatforms) = preSolution
		Debug|Any CPU = Debug|Any CPU
		Release|Any CPU = Release|Any CPU
	EndGlobalSection
	GlobalSection(ProjectConfigurationPlatforms) = postSolution
		{55D0D6B6-7149-42C5-B2F7-CFFB55342DAD}.Debug|Any CPU.ActiveCfg = Debug|Any CPU
		{55D0D6B6-7149-42C5-B2F7-CFFB55342DAD}.Debug|Any CPU.Build.0 = Debug|Any CPU
		{55D0D6B6-7149-42C5-B2F7-CFFB55342DAD}.Release|Any CPU.ActiveCfg = Release|Any CPU
		{55D0D6B6-7149-42C5-B2F7-CFFB55342DAD}.Release|Any CPU.Build.0 = Release|Any CPU
		{A877F907-18BC-4FC1-ABBA-86A4EF690F32}.Debug|Any CPU.ActiveCfg = Debug|Any CPU
		{A877F907-18BC-4FC1-ABBA-86A4EF690F32}.Debug|Any CPU.Build.0 = Debug|Any CPU
		{A877F907-18BC-4FC1-ABBA-86A4EF690F32}.Release|Any CPU.ActiveCfg = Release|Any CPU
		{A877F907-18BC-4FC1-ABBA-86A4EF690F32}.Release|Any CPU.Build.0 = Release|Any CPU
		{B1BAB8CE-DEA5-486F-9A40-9740575B2C92}.Debug|Any CPU.ActiveCfg = Debug|Any CPU
		{B1BAB8CE-DEA5-486F-9A40-9740575B2C92}.Debug|Any CPU.Build.0 = Debug|Any CPU
		{B1BAB8CE-DEA5-486F-9A40-9740575B2C92}.Release|Any CPU.ActiveCfg = Release|Any CPU
		{B1BAB8CE-DEA5-486F-9A40-9740575B2C92}.Release|Any CPU.Build.0 = Release|Any CPU
		{D16C658C-7AB4-4A02-AAC2-96A654B8B192}.Debug|Any CPU.ActiveCfg = Debug|Any CPU
		{D16C658C-7AB4-4A02-AAC2-96A654B8B192}.Debug|Any CPU.Build.0 = Debug|Any CPU
		{D16C658C-7AB4-4A02-AAC2-96A654B8B192}.Release|Any CPU.ActiveCfg = Release|Any CPU
		{D16C658C-7AB4-4A02-AAC2-96A654B8B192}.Release|Any CPU.Build.0 = Release|Any CPU
		{233F0C6E-74F3-4C92-89AE-1FA084B8388B}.Debug|Any CPU.ActiveCfg = Debug|Any CPU
		{233F0C6E-74F3-4C92-89AE-1FA084B8388B}.Debug|Any CPU.Build.0 = Debug|Any CPU
		{233F0C6E-74F3-4C92-89AE-1FA084B8388B}.Release|Any CPU.ActiveCfg = Release|Any CPU
		{233F0C6E-74F3-4C92-89AE-1FA084B8388B}.Release|Any CPU.Build.0 = Release|Any CPU
		{752F77F9-945E-4C54-898A-2D88AB69013E}.Debug|Any CPU.ActiveCfg = Debug|Any CPU
		{752F77F9-945E-4C54-898A-2D88AB69013E}.Debug|Any CPU.Build.0 = Debug|Any CPU
		{752F77F9-945E-4C54-898A-2D88AB69013E}.Release|Any CPU.ActiveCfg = Release|Any CPU
		{752F77F9-945E-4C54-898A-2D88AB69013E}.Release|Any CPU.Build.0 = Release|Any CPU
	EndGlobalSection
	GlobalSection(SolutionProperties) = preSolution
		HideSolutionNode = FALSE
	EndGlobalSection
	GlobalSection(ExtensibilityGlobals) = postSolution
		SolutionGuid = {653C0AC1-3521-4AD6-9ADF-437CD7EB7FB5}
	EndGlobalSection
EndGlobal
